
Microsoft Visual Studio Solution File, Format Version 12.00
# Visual Studio Version 17
VisualStudioVersion = 17.10.35122.118
MinimumVisualStudioVersion = 10.0.40219.1
Project("{FAE04EC0-301F-11D3-BF4B-00C04F79EFBC}") = "webTesteInterface", "webTesteInterface.csproj", "{3EC3B366-CF0D-42CD-849E-6F6F5318CCD3}"
EndProject
Global
	GlobalSection(SolutionConfigurationPlatforms) = preSolution
		Debug|Any CPU = Debug|Any CPU
		Release|Any CPU = Release|Any CPU
	EndGlobalSection
	GlobalSection(ProjectConfigurationPlatforms) = postSolution
		{3EC3B366-CF0D-42CD-849E-6F6F5318CCD3}.Debug|Any CPU.ActiveCfg = Debug|Any CPU
		{3EC3B366-CF0D-42CD-849E-6F6F5318CCD3}.Debug|Any CPU.Build.0 = Debug|Any CPU
		{3EC3B366-CF0D-42CD-849E-6F6F5318CCD3}.Release|Any CPU.ActiveCfg = Release|Any CPU
		{3EC3B366-CF0D-42CD-849E-6F6F5318CCD3}.Release|Any CPU.Build.0 = Release|Any CPU
	EndGlobalSection
	GlobalSection(SolutionProperties) = preSolution
		HideSolutionNode = FALSE
	EndGlobalSection
	GlobalSection(ExtensibilityGlobals) = postSolution
		SolutionGuid = {83816539-9C65-48B9-B861-138CA4B27C5C}
	EndGlobalSection
EndGlobal
